// !$*UTF8*$!
{
	archiveVersion = 1;
	classes = {
	};
	objectVersion = 52;
	objects = {

/* Begin PBXBuildFile section */
		FC46243E25EC177700237CC5 /* AutoCarouselView in Frameworks */ = {isa = PBXBuildFile; productRef = FC46243D25EC177700237CC5 /* AutoCarouselView */; };
		FC5E01B125EBC50F00A8E601 /* AppDelegate.swift in Sources */ = {isa = PBXBuildFile; fileRef = FC5E01B025EBC50F00A8E601 /* AppDelegate.swift */; };
		FC5E01B325EBC50F00A8E601 /* SceneDelegate.swift in Sources */ = {isa = PBXBuildFile; fileRef = FC5E01B225EBC50F00A8E601 /* SceneDelegate.swift */; };
		FC5E01B525EBC50F00A8E601 /* ContentView.swift in Sources */ = {isa = PBXBuildFile; fileRef = FC5E01B425EBC50F00A8E601 /* ContentView.swift */; };
		FC5E01B725EBC51100A8E601 /* Assets.xcassets in Resources */ = {isa = PBXBuildFile; fileRef = FC5E01B625EBC51100A8E601 /* Assets.xcassets */; };
		FC5E01BA25EBC51100A8E601 /* Preview Assets.xcassets in Resources */ = {isa = PBXBuildFile; fileRef = FC5E01B925EBC51100A8E601 /* Preview Assets.xcassets */; };
		FC5E01BD25EBC51100A8E601 /* LaunchScreen.storyboard in Resources */ = {isa = PBXBuildFile; fileRef = FC5E01BB25EBC51100A8E601 /* LaunchScreen.storyboard */; };
/* End PBXBuildFile section */

/* Begin PBXFileReference section */
		FC46243C25EC135900237CC5 /*  */ = {isa = PBXFileReference; lastKnownFileType = folder; name = ""; sourceTree = "<group>"; };
		FC5E019725EBC3B000A8E601 /* AutoCarouselViewTests.xctest */ = {isa = PBXFileReference; explicitFileType = wrapper.cfbundle; includeInIndex = 0; path = AutoCarouselViewTests.xctest; sourceTree = BUILT_PRODUCTS_DIR; };
		FC5E01AE25EBC50F00A8E601 /* Demo.app */ = {isa = PBXFileReference; explicitFileType = wrapper.application; includeInIndex = 0; path = Demo.app; sourceTree = BUILT_PRODUCTS_DIR; };
		FC5E01B025EBC50F00A8E601 /* AppDelegate.swift */ = {isa = PBXFileReference; lastKnownFileType = sourcecode.swift; path = AppDelegate.swift; sourceTree = "<group>"; };
		FC5E01B225EBC50F00A8E601 /* SceneDelegate.swift */ = {isa = PBXFileReference; lastKnownFileType = sourcecode.swift; path = SceneDelegate.swift; sourceTree = "<group>"; };
		FC5E01B425EBC50F00A8E601 /* ContentView.swift */ = {isa = PBXFileReference; lastKnownFileType = sourcecode.swift; path = ContentView.swift; sourceTree = "<group>"; };
		FC5E01B625EBC51100A8E601 /* Assets.xcassets */ = {isa = PBXFileReference; lastKnownFileType = folder.assetcatalog; path = Assets.xcassets; sourceTree = "<group>"; };
		FC5E01B925EBC51100A8E601 /* Preview Assets.xcassets */ = {isa = PBXFileReference; lastKnownFileType = folder.assetcatalog; path = "Preview Assets.xcassets"; sourceTree = "<group>"; };
		FC5E01BC25EBC51100A8E601 /* Base */ = {isa = PBXFileReference; lastKnownFileType = file.storyboard; name = Base; path = Base.lproj/LaunchScreen.storyboard; sourceTree = "<group>"; };
		FC5E01BE25EBC51100A8E601 /* Info.plist */ = {isa = PBXFileReference; lastKnownFileType = text.plist.xml; path = Info.plist; sourceTree = "<group>"; };
/* End PBXFileReference section */

/* Begin PBXFrameworksBuildPhase section */
		FC5E019425EBC3B000A8E601 /* Frameworks */ = {
			isa = PBXFrameworksBuildPhase;
			buildActionMask = 2147483647;
			files = (
			);
			runOnlyForDeploymentPostprocessing = 0;
		};
		FC5E01AB25EBC50F00A8E601 /* Frameworks */ = {
			isa = PBXFrameworksBuildPhase;
			buildActionMask = 2147483647;
			files = (
				FC46243E25EC177700237CC5 /* AutoCarouselView in Frameworks */,
			);
			runOnlyForDeploymentPostprocessing = 0;
		};
/* End PBXFrameworksBuildPhase section */

/* Begin PBXGroup section */
		FC5E018425EBC3AF00A8E601 = {
			isa = PBXGroup;
			children = (
				FC46243C25EC135900237CC5 /*  */,
				FC5E01AF25EBC50F00A8E601 /* Demo */,
				FC5E018F25EBC3AF00A8E601 /* Products */,
				FC5E01C525EBC52E00A8E601 /* Frameworks */,
			);
			sourceTree = "<group>";
		};
		FC5E018F25EBC3AF00A8E601 /* Products */ = {
			isa = PBXGroup;
			children = (
				FC5E019725EBC3B000A8E601 /* AutoCarouselViewTests.xctest */,
				FC5E01AE25EBC50F00A8E601 /* Demo.app */,
			);
			name = Products;
			sourceTree = "<group>";
		};
		FC5E01AF25EBC50F00A8E601 /* Demo */ = {
			isa = PBXGroup;
			children = (
				FC5E01B025EBC50F00A8E601 /* AppDelegate.swift */,
				FC5E01B225EBC50F00A8E601 /* SceneDelegate.swift */,
				FC5E01B425EBC50F00A8E601 /* ContentView.swift */,
				FC5E01B625EBC51100A8E601 /* Assets.xcassets */,
				FC5E01BB25EBC51100A8E601 /* LaunchScreen.storyboard */,
				FC5E01BE25EBC51100A8E601 /* Info.plist */,
				FC5E01B825EBC51100A8E601 /* Preview Content */,
			);
			path = Demo;
			sourceTree = "<group>";
		};
		FC5E01B825EBC51100A8E601 /* Preview Content */ = {
			isa = PBXGroup;
			children = (
				FC5E01B925EBC51100A8E601 /* Preview Assets.xcassets */,
			);
			path = "Preview Content";
			sourceTree = "<group>";
		};
		FC5E01C525EBC52E00A8E601 /* Frameworks */ = {
			isa = PBXGroup;
			children = (
			);
			name = Frameworks;
			sourceTree = "<group>";
		};
/* End PBXGroup section */

/* Begin PBXNativeTarget section */
		FC5E019625EBC3B000A8E601 /* AutoCarouselViewTests */ = {
			isa = PBXNativeTarget;
			buildConfigurationList = FC5E01A525EBC3B000A8E601 /* Build configuration list for PBXNativeTarget "AutoCarouselViewTests" */;
			buildPhases = (
				FC5E019325EBC3B000A8E601 /* Sources */,
				FC5E019425EBC3B000A8E601 /* Frameworks */,
				FC5E019525EBC3B000A8E601 /* Resources */,
			);
			buildRules = (
			);
			dependencies = (
			);
			name = AutoCarouselViewTests;
			productName = AutoCarouselViewTests;
			productReference = FC5E019725EBC3B000A8E601 /* AutoCarouselViewTests.xctest */;
			productType = "com.apple.product-type.bundle.unit-test";
		};
		FC5E01AD25EBC50F00A8E601 /* Demo */ = {
			isa = PBXNativeTarget;
			buildConfigurationList = FC5E01C125EBC51100A8E601 /* Build configuration list for PBXNativeTarget "Demo" */;
			buildPhases = (
				FC5E01AA25EBC50F00A8E601 /* Sources */,
				FC5E01AB25EBC50F00A8E601 /* Frameworks */,
				FC5E01AC25EBC50F00A8E601 /* Resources */,
			);
			buildRules = (
			);
			dependencies = (
			);
			name = Demo;
			packageProductDependencies = (
				FC46243D25EC177700237CC5 /* AutoCarouselView */,
			);
			productName = Demo;
			productReference = FC5E01AE25EBC50F00A8E601 /* Demo.app */;
			productType = "com.apple.product-type.application";
		};
/* End PBXNativeTarget section */

/* Begin PBXProject section */
		FC5E018525EBC3AF00A8E601 /* Project object */ = {
			isa = PBXProject;
			attributes = {
				LastSwiftUpdateCheck = 1240;
				LastUpgradeCheck = 1240;
				TargetAttributes = {
					FC5E019625EBC3B000A8E601 = {
						CreatedOnToolsVersion = 12.4;
					};
					FC5E01AD25EBC50F00A8E601 = {
						CreatedOnToolsVersion = 12.4;
					};
				};
			};
			buildConfigurationList = FC5E018825EBC3AF00A8E601 /* Build configuration list for PBXProject "AutoCarouselView" */;
			compatibilityVersion = "Xcode 9.3";
			developmentRegion = en;
			hasScannedForEncodings = 0;
			knownRegions = (
				en,
				Base,
			);
			mainGroup = FC5E018425EBC3AF00A8E601;
			productRefGroup = FC5E018F25EBC3AF00A8E601 /* Products */;
			projectDirPath = "";
			projectRoot = "";
			targets = (
				FC5E019625EBC3B000A8E601 /* AutoCarouselViewTests */,
				FC5E01AD25EBC50F00A8E601 /* Demo */,
			);
		};
/* End PBXProject section */

/* Begin PBXResourcesBuildPhase section */
		FC5E019525EBC3B000A8E601 /* Resources */ = {
			isa = PBXResourcesBuildPhase;
			buildActionMask = 2147483647;
			files = (
			);
			runOnlyForDeploymentPostprocessing = 0;
		};
		FC5E01AC25EBC50F00A8E601 /* Resources */ = {
			isa = PBXResourcesBuildPhase;
			buildActionMask = 2147483647;
			files = (
				FC5E01BD25EBC51100A8E601 /* LaunchScreen.storyboard in Resources */,
				FC5E01BA25EBC51100A8E601 /* Preview Assets.xcassets in Resources */,
				FC5E01B725EBC51100A8E601 /* Assets.xcassets in Resources */,
			);
			runOnlyForDeploymentPostprocessing = 0;
		};
/* End PBXResourcesBuildPhase section */

/* Begin PBXSourcesBuildPhase section */
		FC5E019325EBC3B000A8E601 /* Sources */ = {
			isa = PBXSourcesBuildPhase;
			buildActionMask = 2147483647;
			files = (
			);
			runOnlyForDeploymentPostprocessing = 0;
		};
		FC5E01AA25EBC50F00A8E601 /* Sources */ = {
			isa = PBXSourcesBuildPhase;
			buildActionMask = 2147483647;
			files = (
				FC5E01B125EBC50F00A8E601 /* AppDelegate.swift in Sources */,
				FC5E01B325EBC50F00A8E601 /* SceneDelegate.swift in Sources */,
				FC5E01B525EBC50F00A8E601 /* ContentView.swift in Sources */,
			);
			runOnlyForDeploymentPostprocessing = 0;
		};
/* End PBXSourcesBuildPhase section */

/* Begin PBXVariantGroup section */
		FC5E01BB25EBC51100A8E601 /* LaunchScreen.storyboard */ = {
			isa = PBXVariantGroup;
			children = (
				FC5E01BC25EBC51100A8E601 /* Base */,
			);
			name = LaunchScreen.storyboard;
			sourceTree = "<group>";
		};
/* End PBXVariantGroup section */

/* Begin XCBuildConfiguration section */
		FC5E01A025EBC3B000A8E601 /* Debug */ = {
			isa = XCBuildConfiguration;
			buildSettings = {
				ALWAYS_SEARCH_USER_PATHS = NO;
				CLANG_ANALYZER_NONNULL = YES;
				CLANG_ANALYZER_NUMBER_OBJECT_CONVERSION = YES_AGGRESSIVE;
				CLANG_CXX_LANGUAGE_STANDARD = "gnu++14";
				CLANG_CXX_LIBRARY = "libc++";
				CLANG_ENABLE_MODULES = YES;
				CLANG_ENABLE_OBJC_ARC = YES;
				CLANG_ENABLE_OBJC_WEAK = YES;
				CLANG_WARN_BLOCK_CAPTURE_AUTORELEASING = YES;
				CLANG_WARN_BOOL_CONVERSION = YES;
				CLANG_WARN_COMMA = YES;
				CLANG_WARN_CONSTANT_CONVERSION = YES;
				CLANG_WARN_DEPRECATED_OBJC_IMPLEMENTATIONS = YES;
				CLANG_WARN_DIRECT_OBJC_ISA_USAGE = YES_ERROR;
				CLANG_WARN_DOCUMENTATION_COMMENTS = YES;
				CLANG_WARN_EMPTY_BODY = YES;
				CLANG_WARN_ENUM_CONVERSION = YES;
				CLANG_WARN_INFINITE_RECURSION = YES;
				CLANG_WARN_INT_CONVERSION = YES;
				CLANG_WARN_NON_LITERAL_NULL_CONVERSION = YES;
				CLANG_WARN_OBJC_IMPLICIT_RETAIN_SELF = YES;
				CLANG_WARN_OBJC_LITERAL_CONVERSION = YES;
				CLANG_WARN_OBJC_ROOT_CLASS = YES_ERROR;
				CLANG_WARN_QUOTED_INCLUDE_IN_FRAMEWORK_HEADER = YES;
				CLANG_WARN_RANGE_LOOP_ANALYSIS = YES;
				CLANG_WARN_STRICT_PROTOTYPES = YES;
				CLANG_WARN_SUSPICIOUS_MOVE = YES;
				CLANG_WARN_UNGUARDED_AVAILABILITY = YES_AGGRESSIVE;
				CLANG_WARN_UNREACHABLE_CODE = YES;
				CLANG_WARN__DUPLICATE_METHOD_MATCH = YES;
				COPY_PHASE_STRIP = NO;
				CURRENT_PROJECT_VERSION = 1;
				DEBUG_INFORMATION_FORMAT = dwarf;
				ENABLE_STRICT_OBJC_MSGSEND = YES;
				ENABLE_TESTABILITY = YES;
				GCC_C_LANGUAGE_STANDARD = gnu11;
				GCC_DYNAMIC_NO_PIC = NO;
				GCC_NO_COMMON_BLOCKS = YES;
				GCC_OPTIMIZATION_LEVEL = 0;
				GCC_PREPROCESSOR_DEFINITIONS = (
					"DEBUG=1",
					"$(inherited)",
				);
				GCC_WARN_64_TO_32_BIT_CONVERSION = YES;
				GCC_WARN_ABOUT_RETURN_TYPE = YES_ERROR;
				GCC_WARN_UNDECLARED_SELECTOR = YES;
				GCC_WARN_UNINITIALIZED_AUTOS = YES_AGGRESSIVE;
				GCC_WARN_UNUSED_FUNCTION = YES;
				GCC_WARN_UNUSED_VARIABLE = YES;
				IPHONEOS_DEPLOYMENT_TARGET = 13.0;
				MTL_ENABLE_DEBUG_INFO = INCLUDE_SOURCE;
				MTL_FAST_MATH = YES;
				ONLY_ACTIVE_ARCH = YES;
				SDKROOT = iphoneos;
				SWIFT_ACTIVE_COMPILATION_CONDITIONS = DEBUG;
				SWIFT_OPTIMIZATION_LEVEL = "-Onone";
				VERSIONING_SYSTEM = "apple-generic";
				VERSION_INFO_PREFIX = "";
			};
			name = Debug;
		};
		FC5E01A125EBC3B000A8E601 /* Release */ = {
			isa = XCBuildConfiguration;
			buildSettings = {
				ALWAYS_SEARCH_USER_PATHS = NO;
				CLANG_ANALYZER_NONNULL = YES;
				CLANG_ANALYZER_NUMBER_OBJECT_CONVERSION = YES_AGGRESSIVE;
				CLANG_CXX_LANGUAGE_STANDARD = "gnu++14";
				CLANG_CXX_LIBRARY = "libc++";
				CLANG_ENABLE_MODULES = YES;
				CLANG_ENABLE_OBJC_ARC = YES;
				CLANG_ENABLE_OBJC_WEAK = YES;
				CLANG_WARN_BLOCK_CAPTURE_AUTORELEASING = YES;
				CLANG_WARN_BOOL_CONVERSION = YES;
				CLANG_WARN_COMMA = YES;
				CLANG_WARN_CONSTANT_CONVERSION = YES;
				CLANG_WARN_DEPRECATED_OBJC_IMPLEMENTATIONS = YES;
				CLANG_WARN_DIRECT_OBJC_ISA_USAGE = YES_ERROR;
				CLANG_WARN_DOCUMENTATION_COMMENTS = YES;
				CLANG_WARN_EMPTY_BODY = YES;
				CLANG_WARN_ENUM_CONVERSION = YES;
				CLANG_WARN_INFINITE_RECURSION = YES;
				CLANG_WARN_INT_CONVERSION = YES;
				CLANG_WARN_NON_LITERAL_NULL_CONVERSION = YES;
				CLANG_WARN_OBJC_IMPLICIT_RETAIN_SELF = YES;
				CLANG_WARN_OBJC_LITERAL_CONVERSION = YES;
				CLANG_WARN_OBJC_ROOT_CLASS = YES_ERROR;
				CLANG_WARN_QUOTED_INCLUDE_IN_FRAMEWORK_HEADER = YES;
				CLANG_WARN_RANGE_LOOP_ANALYSIS = YES;
				CLANG_WARN_STRICT_PROTOTYPES = YES;
				CLANG_WARN_SUSPICIOUS_MOVE = YES;
				CLANG_WARN_UNGUARDED_AVAILABILITY = YES_AGGRESSIVE;
				CLANG_WARN_UNREACHABLE_CODE = YES;
				CLANG_WARN__DUPLICATE_METHOD_MATCH = YES;
				COPY_PHASE_STRIP = NO;
				CURRENT_PROJECT_VERSION = 1;
				DEBUG_INFORMATION_FORMAT = "dwarf-with-dsym";
				ENABLE_NS_ASSERTIONS = NO;
				ENABLE_STRICT_OBJC_MSGSEND = YES;
				GCC_C_LANGUAGE_STANDARD = gnu11;
				GCC_NO_COMMON_BLOCKS = YES;
				GCC_WARN_64_TO_32_BIT_CONVERSION = YES;
				GCC_WARN_ABOUT_RETURN_TYPE = YES_ERROR;
				GCC_WARN_UNDECLARED_SELECTOR = YES;
				GCC_WARN_UNINITIALIZED_AUTOS = YES_AGGRESSIVE;
				GCC_WARN_UNUSED_FUNCTION = YES;
				GCC_WARN_UNUSED_VARIABLE = YES;
				IPHONEOS_DEPLOYMENT_TARGET = 13.0;
				MTL_ENABLE_DEBUG_INFO = NO;
				MTL_FAST_MATH = YES;
				SDKROOT = iphoneos;
				SWIFT_COMPILATION_MODE = wholemodule;
				SWIFT_OPTIMIZATION_LEVEL = "-O";
				VALIDATE_PRODUCT = YES;
				VERSIONING_SYSTEM = "apple-generic";
				VERSION_INFO_PREFIX = "";
			};
			name = Release;
		};
		FC5E01A625EBC3B000A8E601 /* Debug */ = {
			isa = XCBuildConfiguration;
			buildSettings = {
				CODE_SIGN_STYLE = Automatic;
				DEVELOPMENT_TEAM = B8PR34D6DP;
				INFOPLIST_FILE = Tests/Info.plist;
				LD_RUNPATH_SEARCH_PATHS = (
					"$(inherited)",
					"@executable_path/Frameworks",
					"@loader_path/Frameworks",
				);
				PRODUCT_BUNDLE_IDENTIFIER = jp.yuoku.AutoCarouselViewTests;
				PRODUCT_NAME = "$(TARGET_NAME)";
				SWIFT_VERSION = 5.0;
				TARGETED_DEVICE_FAMILY = "1,2";
			};
			name = Debug;
		};
		FC5E01A725EBC3B000A8E601 /* Release */ = {
			isa = XCBuildConfiguration;
			buildSettings = {
				CODE_SIGN_STYLE = Automatic;
				DEVELOPMENT_TEAM = B8PR34D6DP;
				INFOPLIST_FILE = Tests/Info.plist;
				LD_RUNPATH_SEARCH_PATHS = (
					"$(inherited)",
					"@executable_path/Frameworks",
					"@loader_path/Frameworks",
				);
				PRODUCT_BUNDLE_IDENTIFIER = jp.yuoku.AutoCarouselViewTests;
				PRODUCT_NAME = "$(TARGET_NAME)";
				SWIFT_VERSION = 5.0;
				TARGETED_DEVICE_FAMILY = "1,2";
			};
			name = Release;
		};
		FC5E01BF25EBC51100A8E601 /* Debug */ = {
			isa = XCBuildConfiguration;
			buildSettings = {
				ASSETCATALOG_COMPILER_APPICON_NAME = AppIcon;
				ASSETCATALOG_COMPILER_GLOBAL_ACCENT_COLOR_NAME = AccentColor;
				CODE_SIGN_STYLE = Automatic;
				DEVELOPMENT_ASSET_PATHS = "\"Demo/Preview Content\"";
				DEVELOPMENT_TEAM = B8PR34D6DP;
				ENABLE_PREVIEWS = YES;
				INFOPLIST_FILE = Demo/Info.plist;
				LD_RUNPATH_SEARCH_PATHS = (
					"$(inherited)",
					"@executable_path/Frameworks",
				);
				PRODUCT_BUNDLE_IDENTIFIER = jp.yuoku.Demo;
				PRODUCT_NAME = "$(TARGET_NAME)";
				SWIFT_VERSION = 5.0;
				TARGETED_DEVICE_FAMILY = "1,2";
			};
			name = Debug;
		};
		FC5E01C025EBC51100A8E601 /* Release */ = {
			isa = XCBuildConfiguration;
			buildSettings = {
				ASSETCATALOG_COMPILER_APPICON_NAME = AppIcon;
				ASSETCATALOG_COMPILER_GLOBAL_ACCENT_COLOR_NAME = AccentColor;
				CODE_SIGN_STYLE = Automatic;
				DEVELOPMENT_ASSET_PATHS = "\"Demo/Preview Content\"";
				DEVELOPMENT_TEAM = B8PR34D6DP;
				ENABLE_PREVIEWS = YES;
				INFOPLIST_FILE = Demo/Info.plist;
				LD_RUNPATH_SEARCH_PATHS = (
					"$(inherited)",
					"@executable_path/Frameworks",
				);
				PRODUCT_BUNDLE_IDENTIFIER = jp.yuoku.Demo;
				PRODUCT_NAME = "$(TARGET_NAME)";
				SWIFT_VERSION = 5.0;
				TARGETED_DEVICE_FAMILY = "1,2";
			};
			name = Release;
		};
/* End XCBuildConfiguration section */

/* Begin XCConfigurationList section */
		FC5E018825EBC3AF00A8E601 /* Build configuration list for PBXProject "AutoCarouselView" */ = {
			isa = XCConfigurationList;
			buildConfigurations = (
				FC5E01A025EBC3B000A8E601 /* Debug */,
				FC5E01A125EBC3B000A8E601 /* Release */,
			);
			defaultConfigurationIsVisible = 0;
			defaultConfigurationName = Release;
		};
		FC5E01A525EBC3B000A8E601 /* Build configuration list for PBXNativeTarget "AutoCarouselViewTests" */ = {
			isa = XCConfigurationList;
			buildConfigurations = (
				FC5E01A625EBC3B000A8E601 /* Debug */,
				FC5E01A725EBC3B000A8E601 /* Release */,
			);
			defaultConfigurationIsVisible = 0;
			defaultConfigurationName = Release;
		};
		FC5E01C125EBC51100A8E601 /* Build configuration list for PBXNativeTarget "Demo" */ = {
			isa = XCConfigurationList;
			buildConfigurations = (
				FC5E01BF25EBC51100A8E601 /* Debug */,
				FC5E01C025EBC51100A8E601 /* Release */,
			);
			defaultConfigurationIsVisible = 0;
			defaultConfigurationName = Release;
		};
/* End XCConfigurationList section */

/* Begin XCSwiftPackageProductDependency section */
		FC46243D25EC177700237CC5 /* AutoCarouselView */ = {
			isa = XCSwiftPackageProductDependency;
			productName = AutoCarouselView;
		};
/* End XCSwiftPackageProductDependency section */
	};
	rootObject = FC5E018525EBC3AF00A8E601 /* Project object */;
}
